
Microsoft Visual Studio Solution File, Format Version 12.00
# Visual Studio Version 17
VisualStudioVersion = 17.0.31903.59
MinimumVisualStudioVersion = 10.0.40219.1
Project("{FAE04EC0-301F-11D3-BF4B-00C04F79EFBC}") = "Checkout.Console", "src\Checkout.Console\Checkout.Console.csproj", "{C87B3227-93FF-4032-9C6B-39C1B8D6953A}"
EndProject
Project("{FAE04EC0-301F-11D3-BF4B-00C04F79EFBC}") = "Checkout.Application", "src\Checkout.Application\Checkout.Application.csproj", "{BF6AD9AE-1176-4D08-8C85-94EAE42E4084}"
EndProject
Project("{FAE04EC0-301F-11D3-BF4B-00C04F79EFBC}") = "Checkout.Domain", "src\Checkout.Domain\Checkout.Domain.csproj", "{D202C02E-E354-4338-9481-AF33AA696242}"
EndProject
Project("{FAE04EC0-301F-11D3-BF4B-00C04F79EFBC}") = "Checkout.Infrastructure", "src\Checkout.Infrastructure\Checkout.Infrastructure.csproj", "{D0454188-C7BB-49D6-8525-7FF8953E5AB1}"
EndProject
Project("{FAE04EC0-301F-11D3-BF4B-00C04F79EFBC}") = "Checkout.Test.Domain", "tests\Checkout.Test.Domain\Checkout.Test.Domain.csproj", "{74EBFD42-81FC-462B-B156-562C4DC5C9BE}"
EndProject
Project("{FAE04EC0-301F-11D3-BF4B-00C04F79EFBC}") = "Checkout.Test.Application", "tests\Checkout.Test.Application\Checkout.Test.Application.csproj", "{64D0B950-CDA3-4F78-AE38-010B4FFB3127}"
EndProject
Project("{FAE04EC0-301F-11D3-BF4B-00C04F79EFBC}") = "Checkout.Test.Infrastructura", "test\Checkout.Test.Infrastructura\Checkout.Test.Infrastructura.csproj", "{18564D93-4E7B-4073-80E5-7F8DFA8AAD79}"
EndProject
Project("{FAE04EC0-301F-11D3-BF4B-00C04F79EFBC}") = "Checkout.Test.Infrastructura", "tests\Checkout.Test.Infrastructura\Checkout.Test.Infrastructura.csproj", "{FDB3D3B6-E860-46EB-B0E6-A925FABB09FD}"
EndProject
Project("{FAE04EC0-301F-11D3-BF4B-00C04F79EFBC}") = "Checkout.Test.Infrastructure", "tests\Checkout.Test.Infrastructure\Checkout.Test.Infrastructure.csproj", "{062190A1-64D8-4578-8E50-11D29E525F75}"
EndProject
Global
	GlobalSection(SolutionConfigurationPlatforms) = preSolution
		Debug|Any CPU = Debug|Any CPU
		Release|Any CPU = Release|Any CPU
	EndGlobalSection
	GlobalSection(SolutionProperties) = preSolution
		HideSolutionNode = FALSE
	EndGlobalSection
	GlobalSection(ProjectConfigurationPlatforms) = postSolution
		{C87B3227-93FF-4032-9C6B-39C1B8D6953A}.Debug|Any CPU.ActiveCfg = Debug|Any CPU
		{C87B3227-93FF-4032-9C6B-39C1B8D6953A}.Debug|Any CPU.Build.0 = Debug|Any CPU
		{C87B3227-93FF-4032-9C6B-39C1B8D6953A}.Release|Any CPU.ActiveCfg = Release|Any CPU
		{C87B3227-93FF-4032-9C6B-39C1B8D6953A}.Release|Any CPU.Build.0 = Release|Any CPU
		{BF6AD9AE-1176-4D08-8C85-94EAE42E4084}.Debug|Any CPU.ActiveCfg = Debug|Any CPU
		{BF6AD9AE-1176-4D08-8C85-94EAE42E4084}.Debug|Any CPU.Build.0 = Debug|Any CPU
		{BF6AD9AE-1176-4D08-8C85-94EAE42E4084}.Release|Any CPU.ActiveCfg = Release|Any CPU
		{BF6AD9AE-1176-4D08-8C85-94EAE42E4084}.Release|Any CPU.Build.0 = Release|Any CPU
		{D202C02E-E354-4338-9481-AF33AA696242}.Debug|Any CPU.ActiveCfg = Debug|Any CPU
		{D202C02E-E354-4338-9481-AF33AA696242}.Debug|Any CPU.Build.0 = Debug|Any CPU
		{D202C02E-E354-4338-9481-AF33AA696242}.Release|Any CPU.ActiveCfg = Release|Any CPU
		{D202C02E-E354-4338-9481-AF33AA696242}.Release|Any CPU.Build.0 = Release|Any CPU
		{D0454188-C7BB-49D6-8525-7FF8953E5AB1}.Debug|Any CPU.ActiveCfg = Debug|Any CPU
		{D0454188-C7BB-49D6-8525-7FF8953E5AB1}.Debug|Any CPU.Build.0 = Debug|Any CPU
		{D0454188-C7BB-49D6-8525-7FF8953E5AB1}.Release|Any CPU.ActiveCfg = Release|Any CPU
		{D0454188-C7BB-49D6-8525-7FF8953E5AB1}.Release|Any CPU.Build.0 = Release|Any CPU
		{74EBFD42-81FC-462B-B156-562C4DC5C9BE}.Debug|Any CPU.ActiveCfg = Debug|Any CPU
		{74EBFD42-81FC-462B-B156-562C4DC5C9BE}.Debug|Any CPU.Build.0 = Debug|Any CPU
		{74EBFD42-81FC-462B-B156-562C4DC5C9BE}.Release|Any CPU.ActiveCfg = Release|Any CPU
		{74EBFD42-81FC-462B-B156-562C4DC5C9BE}.Release|Any CPU.Build.0 = Release|Any CPU
		{64D0B950-CDA3-4F78-AE38-010B4FFB3127}.Debug|Any CPU.ActiveCfg = Debug|Any CPU
		{64D0B950-CDA3-4F78-AE38-010B4FFB3127}.Debug|Any CPU.Build.0 = Debug|Any CPU
		{64D0B950-CDA3-4F78-AE38-010B4FFB3127}.Release|Any CPU.ActiveCfg = Release|Any CPU
		{64D0B950-CDA3-4F78-AE38-010B4FFB3127}.Release|Any CPU.Build.0 = Release|Any CPU
		{18564D93-4E7B-4073-80E5-7F8DFA8AAD79}.Debug|Any CPU.ActiveCfg = Debug|Any CPU
		{18564D93-4E7B-4073-80E5-7F8DFA8AAD79}.Debug|Any CPU.Build.0 = Debug|Any CPU
		{18564D93-4E7B-4073-80E5-7F8DFA8AAD79}.Release|Any CPU.ActiveCfg = Release|Any CPU
		{18564D93-4E7B-4073-80E5-7F8DFA8AAD79}.Release|Any CPU.Build.0 = Release|Any CPU
		{FDB3D3B6-E860-46EB-B0E6-A925FABB09FD}.Debug|Any CPU.ActiveCfg = Debug|Any CPU
		{FDB3D3B6-E860-46EB-B0E6-A925FABB09FD}.Debug|Any CPU.Build.0 = Debug|Any CPU
		{FDB3D3B6-E860-46EB-B0E6-A925FABB09FD}.Release|Any CPU.ActiveCfg = Release|Any CPU
		{FDB3D3B6-E860-46EB-B0E6-A925FABB09FD}.Release|Any CPU.Build.0 = Release|Any CPU
		{062190A1-64D8-4578-8E50-11D29E525F75}.Debug|Any CPU.ActiveCfg = Debug|Any CPU
		{062190A1-64D8-4578-8E50-11D29E525F75}.Debug|Any CPU.Build.0 = Debug|Any CPU
		{062190A1-64D8-4578-8E50-11D29E525F75}.Release|Any CPU.ActiveCfg = Release|Any CPU
		{062190A1-64D8-4578-8E50-11D29E525F75}.Release|Any CPU.Build.0 = Release|Any CPU
	EndGlobalSection
EndGlobal
